
Microsoft Visual Studio Solution File, Format Version 12.00
# Visual Studio Version 16
VisualStudioVersion = 16.0.31112.23
MinimumVisualStudioVersion = 10.0.40219.1
Project("{9A19103F-16F7-4668-BE54-9A1E7A4F7556}") = "BookStroreApp", "BookStroreApp\BookStroreApp.csproj", "{13EAE107-9EB4-4757-8360-9D0C4B7165D0}"
EndProject
Project("{9A19103F-16F7-4668-BE54-9A1E7A4F7556}") = "BusinessLayer", "BusinessLayer\BusinessLayer.csproj", "{59E99D15-A34A-4701-948A-A999636A80B2}"
EndProject
Project("{FAE04EC0-301F-11D3-BF4B-00C04F79EFBC}") = "RepositoryLayer", "RepositoryLayer\RepositoryLayer.csproj", "{6E5642D7-13C5-4561-B604-FFA71AD48FF4}"
EndProject
Project("{FAE04EC0-301F-11D3-BF4B-00C04F79EFBC}") = "CommonLayer", "CommonLayer\CommonLayer.csproj", "{58295167-D411-450D-8A58-5E3AD278D804}"
EndProject
Global
	GlobalSection(SolutionConfigurationPlatforms) = preSolution
		Debug|Any CPU = Debug|Any CPU
		Release|Any CPU = Release|Any CPU
	EndGlobalSection
	GlobalSection(ProjectConfigurationPlatforms) = postSolution
		{13EAE107-9EB4-4757-8360-9D0C4B7165D0}.Debug|Any CPU.ActiveCfg = Debug|Any CPU
		{13EAE107-9EB4-4757-8360-9D0C4B7165D0}.Debug|Any CPU.Build.0 = Debug|Any CPU
		{13EAE107-9EB4-4757-8360-9D0C4B7165D0}.Release|Any CPU.ActiveCfg = Release|Any CPU
		{13EAE107-9EB4-4757-8360-9D0C4B7165D0}.Release|Any CPU.Build.0 = Release|Any CPU
		{59E99D15-A34A-4701-948A-A999636A80B2}.Debug|Any CPU.ActiveCfg = Debug|Any CPU
		{59E99D15-A34A-4701-948A-A999636A80B2}.Debug|Any CPU.Build.0 = Debug|Any CPU
		{59E99D15-A34A-4701-948A-A999636A80B2}.Release|Any CPU.ActiveCfg = Release|Any CPU
		{59E99D15-A34A-4701-948A-A999636A80B2}.Release|Any CPU.Build.0 = Release|Any CPU
		{6E5642D7-13C5-4561-B604-FFA71AD48FF4}.Debug|Any CPU.ActiveCfg = Debug|Any CPU
		{6E5642D7-13C5-4561-B604-FFA71AD48FF4}.Debug|Any CPU.Build.0 = Debug|Any CPU
		{6E5642D7-13C5-4561-B604-FFA71AD48FF4}.Release|Any CPU.ActiveCfg = Release|Any CPU
		{6E5642D7-13C5-4561-B604-FFA71AD48FF4}.Release|Any CPU.Build.0 = Release|Any CPU
		{58295167-D411-450D-8A58-5E3AD278D804}.Debug|Any CPU.ActiveCfg = Debug|Any CPU
		{58295167-D411-450D-8A58-5E3AD278D804}.Debug|Any CPU.Build.0 = Debug|Any CPU
		{58295167-D411-450D-8A58-5E3AD278D804}.Release|Any CPU.ActiveCfg = Release|Any CPU
		{58295167-D411-450D-8A58-5E3AD278D804}.Release|Any CPU.Build.0 = Release|Any CPU
	EndGlobalSection
	GlobalSection(SolutionProperties) = preSolution
		HideSolutionNode = FALSE
	EndGlobalSection
	GlobalSection(ExtensibilityGlobals) = postSolution
		SolutionGuid = {6B715AB4-3BE9-410D-882F-BB79005755D4}
	EndGlobalSection
EndGlobal
